uuid: 7667a3f9-087b-4046-8c25-1ecb847d1658
langcode: en
status: false
dependencies:
  config:
    - views.view.all_news
  module:
    - block_class
    - ctools
    - node
    - views
  theme:
    - mwakilish
third_party_settings:
  block_class:
    classes: ''
id: all_news_block
theme: mwakilish
region: breadcrumb
weight: 0
provider: null
plugin: 'views_block:all_news-block_2'
settings:
  id: 'views_block:all_news-block_2'
  label: ''
  provider: views
  label_display: '0'
  views_label: ''
  items_per_page: none
visibility:
  node_type:
    id: node_type
    bundles:
      article: article
    negate: false
    context_mapping:
      node: '@node.node_route_context:node'
  'entity_bundle:node':
    id: 'entity_bundle:node'
    bundles:
      article: article
    negate: false
    context_mapping:
      node: '@node.node_route_context:node'
