uuid: 67eadd56-6863-4e71-bf35-af48c8167ab9
langcode: en
status: false
dependencies:
  config:
    - system.menu.sub-menu
  module:
    - block_class
    - entity_submenu_block
    - system
  theme:
    - mwakilishii
third_party_settings:
  block_class:
    classes: ''
id: mwakilishii_latestnewsentitysubmenublock
theme: mwakilishii
region: content
weight: -5
provider: null
plugin: 'entity_submenu_block:sub-menu'
settings:
  id: 'entity_submenu_block:sub-menu'
  label: 'LATEST NEWS aa'
  provider: entity_submenu_block
  label_display: visible
  level: 1
  depth: 0
  display_non_entities: 0
  view_mode_node: full
  view_mode_aggregator_feed: default
  view_mode_block_content: default
  view_mode_comment: default
  view_mode_contact_message: default
  view_mode_simplenews_subscriber: default
  view_mode_taxonomy_term: default
  view_mode_user: default
visibility:
  request_path:
    id: request_path
    pages: /sports-news
    negate: false
    context_mapping: {  }
