uuid: 4d9916d8-d6ac-4750-a342-dfc5078c72c0
langcode: en
status: false
dependencies:
  config:
    - views.view.pager
  module:
    - block_class
    - ctools
    - node
    - views
  theme:
    - mwakilishii
third_party_settings:
  block_class:
    classes: ''
id: pager_block
theme: mwakilishii
region: breadcrumb
weight: 0
provider: null
plugin: 'views_block:pager-block_1'
settings:
  id: 'views_block:pager-block_1'
  label: ''
  provider: views
  label_display: '0'
  views_label: ''
  items_per_page: none
  context_mapping: {  }
visibility:
  node_type:
    id: node_type
    bundles:
      article: article
    negate: false
    context_mapping:
      node: '@node.node_route_context:node'
  'entity_bundle:node':
    id: 'entity_bundle:node'
    bundles:
      article: article
    negate: false
    context_mapping:
      node: '@node.node_route_context:node'
